
Microsoft Visual Studio Solution File, Format Version 12.00
# Visual Studio Version 16
VisualStudioVersion = 16.0.31829.152
MinimumVisualStudioVersion = 10.0.40219.1
Project("{FAE04EC0-301F-11D3-BF4B-00C04F79EFBC}") = "Vista", "Vista\Vista.csproj", "{55DA8C47-2C59-4300-9627-F5D12BBB3F32}"
EndProject
Project("{FAE04EC0-301F-11D3-BF4B-00C04F79EFBC}") = "Controladora", "Controladora\Controladora.csproj", "{2CCBDFE7-8ED4-49FF-80E7-118A2CE656E5}"
EndProject
Project("{FAE04EC0-301F-11D3-BF4B-00C04F79EFBC}") = "Modelo", "Modelo\Modelo.csproj", "{25A3FD56-D123-4F8F-A9ED-075F4BD3DC03}"
EndProject
Global
	GlobalSection(SolutionConfigurationPlatforms) = preSolution
		Debug|Any CPU = Debug|Any CPU
		Release|Any CPU = Release|Any CPU
	EndGlobalSection
	GlobalSection(ProjectConfigurationPlatforms) = postSolution
		{55DA8C47-2C59-4300-9627-F5D12BBB3F32}.Debug|Any CPU.ActiveCfg = Debug|Any CPU
		{55DA8C47-2C59-4300-9627-F5D12BBB3F32}.Debug|Any CPU.Build.0 = Debug|Any CPU
		{55DA8C47-2C59-4300-9627-F5D12BBB3F32}.Release|Any CPU.ActiveCfg = Release|Any CPU
		{55DA8C47-2C59-4300-9627-F5D12BBB3F32}.Release|Any CPU.Build.0 = Release|Any CPU
		{2CCBDFE7-8ED4-49FF-80E7-118A2CE656E5}.Debug|Any CPU.ActiveCfg = Debug|Any CPU
		{2CCBDFE7-8ED4-49FF-80E7-118A2CE656E5}.Debug|Any CPU.Build.0 = Debug|Any CPU
		{2CCBDFE7-8ED4-49FF-80E7-118A2CE656E5}.Release|Any CPU.ActiveCfg = Release|Any CPU
		{2CCBDFE7-8ED4-49FF-80E7-118A2CE656E5}.Release|Any CPU.Build.0 = Release|Any CPU
		{25A3FD56-D123-4F8F-A9ED-075F4BD3DC03}.Debug|Any CPU.ActiveCfg = Debug|Any CPU
		{25A3FD56-D123-4F8F-A9ED-075F4BD3DC03}.Debug|Any CPU.Build.0 = Debug|Any CPU
		{25A3FD56-D123-4F8F-A9ED-075F4BD3DC03}.Release|Any CPU.ActiveCfg = Release|Any CPU
		{25A3FD56-D123-4F8F-A9ED-075F4BD3DC03}.Release|Any CPU.Build.0 = Release|Any CPU
	EndGlobalSection
	GlobalSection(SolutionProperties) = preSolution
		HideSolutionNode = FALSE
	EndGlobalSection
	GlobalSection(ExtensibilityGlobals) = postSolution
		SolutionGuid = {7A229A0D-BB5A-41CE-AEC8-DAFF75948F7F}
	EndGlobalSection
EndGlobal
